
Microsoft Visual Studio Solution File, Format Version 12.00
# Visual Studio Version 16
VisualStudioVersion = 16.0.31613.86
MinimumVisualStudioVersion = 10.0.40219.1
Project("{9A19103F-16F7-4668-BE54-9A1E7A4F7556}") = "Movie Store WebAPI", "Movie Store WebAPI.csproj", "{96E0C137-CBE1-4A67-ACCF-5521A4678CFF}"
EndProject
Global
	GlobalSection(SolutionConfigurationPlatforms) = preSolution
		Debug|Any CPU = Debug|Any CPU
		Release|Any CPU = Release|Any CPU
	EndGlobalSection
	GlobalSection(ProjectConfigurationPlatforms) = postSolution
		{96E0C137-CBE1-4A67-ACCF-5521A4678CFF}.Debug|Any CPU.ActiveCfg = Debug|Any CPU
		{96E0C137-CBE1-4A67-ACCF-5521A4678CFF}.Debug|Any CPU.Build.0 = Debug|Any CPU
		{96E0C137-CBE1-4A67-ACCF-5521A4678CFF}.Release|Any CPU.ActiveCfg = Release|Any CPU
		{96E0C137-CBE1-4A67-ACCF-5521A4678CFF}.Release|Any CPU.Build.0 = Release|Any CPU
	EndGlobalSection
	GlobalSection(SolutionProperties) = preSolution
		HideSolutionNode = FALSE
	EndGlobalSection
	GlobalSection(ExtensibilityGlobals) = postSolution
		SolutionGuid = {F769BE75-8CA2-4A3E-BB85-D1D151B4ABAF}
	EndGlobalSection
EndGlobal
